
Microsoft Visual Studio Solution File, Format Version 12.00
# Visual Studio 2012
Project("{FAE04EC0-301F-11D3-BF4B-00C04F79EFBC}") = "TDJ.Homewatch.Web", "TDJ.Homewatch.Web\TDJ.Homewatch.Web.csproj", "{889464C9-1008-4E04-A0D1-9F269EEF3C36}"
EndProject
Project("{FAE04EC0-301F-11D3-BF4B-00C04F79EFBC}") = "TDJ.Homewatch.Web.Tests", "TDJ.Homewatch.Web.Tests\TDJ.Homewatch.Web.Tests.csproj", "{59754780-2881-4181-B5B4-319799F1115F}"
EndProject
Project("{FAE04EC0-301F-11D3-BF4B-00C04F79EFBC}") = "TDJ.HomeWatch.Business", "TDJ.HomeWatch.Business\TDJ.HomeWatch.Business.csproj", "{329CD6AF-D879-4BF1-ADC2-668FDF0A52DD}"
EndProject
Project("{FAE04EC0-301F-11D3-BF4B-00C04F79EFBC}") = "TDJ.HomeWatch.ConsoleApp", "TDJ.HomeWatch.ConsoleApp\TDJ.HomeWatch.ConsoleApp.csproj", "{A7725310-CA0D-4813-B080-0ECB25D5D501}"
EndProject
Project("{2150E333-8FDC-42A3-9474-1A3956D46DE8}") = ".nuget", ".nuget", "{5630FA11-2396-481A-BD5A-1EA9B69C473E}"
	ProjectSection(SolutionItems) = preProject
		.nuget\NuGet.Config = .nuget\NuGet.Config
		.nuget\NuGet.exe = .nuget\NuGet.exe
		.nuget\NuGet.targets = .nuget\NuGet.targets
	EndProjectSection
EndProject
Project("{FAE04EC0-301F-11D3-BF4B-00C04F79EFBC}") = "TDJ.Ad2Usb.Library", "TDJ.Ad2Usb.Library\TDJ.Ad2Usb.Library.csproj", "{BB29745F-25E7-4556-9AA3-F5211A706229}"
EndProject
Project("{FAE04EC0-301F-11D3-BF4B-00C04F79EFBC}") = "TDJ.Ad2Usb.Library.Tests", "TDJ.Ad2Usb.Library.Tests\TDJ.Ad2Usb.Library.Tests.csproj", "{865B666C-57FE-4B21-8CBD-60AD1A3E77D7}"
EndProject
Project("{2150E333-8FDC-42A3-9474-1A3956D46DE8}") = "Lib", "Lib", "{A3F25EF0-ED3E-4A5A-9E18-3546254A893B}"
	ProjectSection(SolutionItems) = preProject
		Lib\SignalR.RabbitMQ.dll = Lib\SignalR.RabbitMQ.dll
	EndProjectSection
EndProject
Global
	GlobalSection(SolutionConfigurationPlatforms) = preSolution
		Debug|Any CPU = Debug|Any CPU
		Release|Any CPU = Release|Any CPU
	EndGlobalSection
	GlobalSection(ProjectConfigurationPlatforms) = postSolution
		{889464C9-1008-4E04-A0D1-9F269EEF3C36}.Debug|Any CPU.ActiveCfg = Debug|Any CPU
		{889464C9-1008-4E04-A0D1-9F269EEF3C36}.Debug|Any CPU.Build.0 = Debug|Any CPU
		{889464C9-1008-4E04-A0D1-9F269EEF3C36}.Release|Any CPU.ActiveCfg = Release|Any CPU
		{889464C9-1008-4E04-A0D1-9F269EEF3C36}.Release|Any CPU.Build.0 = Release|Any CPU
		{59754780-2881-4181-B5B4-319799F1115F}.Debug|Any CPU.ActiveCfg = Debug|Any CPU
		{59754780-2881-4181-B5B4-319799F1115F}.Debug|Any CPU.Build.0 = Debug|Any CPU
		{59754780-2881-4181-B5B4-319799F1115F}.Release|Any CPU.ActiveCfg = Release|Any CPU
		{59754780-2881-4181-B5B4-319799F1115F}.Release|Any CPU.Build.0 = Release|Any CPU
		{329CD6AF-D879-4BF1-ADC2-668FDF0A52DD}.Debug|Any CPU.ActiveCfg = Debug|Any CPU
		{329CD6AF-D879-4BF1-ADC2-668FDF0A52DD}.Debug|Any CPU.Build.0 = Debug|Any CPU
		{329CD6AF-D879-4BF1-ADC2-668FDF0A52DD}.Release|Any CPU.ActiveCfg = Release|Any CPU
		{329CD6AF-D879-4BF1-ADC2-668FDF0A52DD}.Release|Any CPU.Build.0 = Release|Any CPU
		{A7725310-CA0D-4813-B080-0ECB25D5D501}.Debug|Any CPU.ActiveCfg = Debug|Any CPU
		{A7725310-CA0D-4813-B080-0ECB25D5D501}.Debug|Any CPU.Build.0 = Debug|Any CPU
		{A7725310-CA0D-4813-B080-0ECB25D5D501}.Release|Any CPU.ActiveCfg = Release|Any CPU
		{BB29745F-25E7-4556-9AA3-F5211A706229}.Debug|Any CPU.ActiveCfg = Debug|Any CPU
		{BB29745F-25E7-4556-9AA3-F5211A706229}.Debug|Any CPU.Build.0 = Debug|Any CPU
		{BB29745F-25E7-4556-9AA3-F5211A706229}.Release|Any CPU.ActiveCfg = Release|Any CPU
		{BB29745F-25E7-4556-9AA3-F5211A706229}.Release|Any CPU.Build.0 = Release|Any CPU
		{865B666C-57FE-4B21-8CBD-60AD1A3E77D7}.Debug|Any CPU.ActiveCfg = Debug|Any CPU
		{865B666C-57FE-4B21-8CBD-60AD1A3E77D7}.Debug|Any CPU.Build.0 = Debug|Any CPU
		{865B666C-57FE-4B21-8CBD-60AD1A3E77D7}.Release|Any CPU.ActiveCfg = Release|Any CPU
		{865B666C-57FE-4B21-8CBD-60AD1A3E77D7}.Release|Any CPU.Build.0 = Release|Any CPU
	EndGlobalSection
	GlobalSection(SolutionProperties) = preSolution
		HideSolutionNode = FALSE
	EndGlobalSection
EndGlobal
